
Microsoft Visual Studio Solution File, Format Version 12.00
# Visual Studio Version 16
VisualStudioVersion = 16.0.29215.179
MinimumVisualStudioVersion = 10.0.40219.1
Project("{FAE04EC0-301F-11D3-BF4B-00C04F79EFBC}") = "KH2FM_Editor", "KH2FM_Editor\KH2FM_Editor.csproj", "{C11549AA-0DCE-4724-9E71-75059720AC45}"
EndProject
Global
	GlobalSection(SolutionConfigurationPlatforms) = preSolution
		Debug|Any CPU = Debug|Any CPU
		Release|Any CPU = Release|Any CPU
	EndGlobalSection
	GlobalSection(ProjectConfigurationPlatforms) = postSolution
		{C11549AA-0DCE-4724-9E71-75059720AC45}.Debug|Any CPU.ActiveCfg = Debug|Any CPU
		{C11549AA-0DCE-4724-9E71-75059720AC45}.Debug|Any CPU.Build.0 = Debug|Any CPU
		{C11549AA-0DCE-4724-9E71-75059720AC45}.Release|Any CPU.ActiveCfg = Release|Any CPU
		{C11549AA-0DCE-4724-9E71-75059720AC45}.Release|Any CPU.Build.0 = Release|Any CPU
	EndGlobalSection
	GlobalSection(SolutionProperties) = preSolution
		HideSolutionNode = FALSE
	EndGlobalSection
	GlobalSection(ExtensibilityGlobals) = postSolution
		SolutionGuid = {317ACC0B-9F98-4A94-B48D-A7A92B67881D}
	EndGlobalSection
EndGlobal
